
Microsoft Visual Studio Solution File, Format Version 12.00
# Visual Studio Version 16
VisualStudioVersion = 16.0.30114.105
MinimumVisualStudioVersion = 10.0.40219.1
Project("{FAE04EC0-301F-11D3-BF4B-00C04F79EFBC}") = "HttpClientHelpers", "HttpClientHelpers\HttpClientHelpers.csproj", "{FE0EB40E-6FE7-4423-A119-27C425C3E5FB}"
EndProject
Global
	GlobalSection(SolutionConfigurationPlatforms) = preSolution
		Debug|Any CPU = Debug|Any CPU
		Release|Any CPU = Release|Any CPU
	EndGlobalSection
	GlobalSection(SolutionProperties) = preSolution
		HideSolutionNode = FALSE
	EndGlobalSection
	GlobalSection(ProjectConfigurationPlatforms) = postSolution
		{FE0EB40E-6FE7-4423-A119-27C425C3E5FB}.Debug|Any CPU.ActiveCfg = Debug|Any CPU
		{FE0EB40E-6FE7-4423-A119-27C425C3E5FB}.Debug|Any CPU.Build.0 = Debug|Any CPU
		{FE0EB40E-6FE7-4423-A119-27C425C3E5FB}.Release|Any CPU.ActiveCfg = Release|Any CPU
		{FE0EB40E-6FE7-4423-A119-27C425C3E5FB}.Release|Any CPU.Build.0 = Release|Any CPU
	EndGlobalSection
EndGlobal
